
Microsoft Visual Studio Solution File, Format Version 12.00
Project("{FAE04EC0-301F-11D3-BF4B-00C04F79EFBC}") = "BlueSeaGameFramewor.Core", "BlueSeaGameFramewor.Core\BlueSeaGameFramewor.Core.csproj", "{1CAA9C6E-8D4D-4979-8C83-01AC75960506}"
EndProject
Global
	GlobalSection(SolutionConfigurationPlatforms) = preSolution
		Debug|Any CPU = Debug|Any CPU
		Release|Any CPU = Release|Any CPU
	EndGlobalSection
	GlobalSection(ProjectConfigurationPlatforms) = postSolution
		{1CAA9C6E-8D4D-4979-8C83-01AC75960506}.Debug|Any CPU.ActiveCfg = Debug|Any CPU
		{1CAA9C6E-8D4D-4979-8C83-01AC75960506}.Debug|Any CPU.Build.0 = Debug|Any CPU
		{1CAA9C6E-8D4D-4979-8C83-01AC75960506}.Release|Any CPU.ActiveCfg = Release|Any CPU
		{1CAA9C6E-8D4D-4979-8C83-01AC75960506}.Release|Any CPU.Build.0 = Release|Any CPU
	EndGlobalSection
EndGlobal
